!io
version: 0
type: xml
param_root: !list
  objects:
    LinkTarget: !obj
      ActorNameJpn: 氷塊（ダンジョン用）
      Priority: Default
      AIProgramUser: IceBlock
      AIScheduleUser: Dummy
      ASUser: LiftableObjectCommon
      AttentionUser: SimpleCarriable
      AwarenessUser: Dummy
      BoneControlUser: Dummy
      ActorCaptureUser: Dummy
      ChemicalUser: Ice_Melt_Dungeon
      DamageParamUser: Object_Default
      DropTableUser: Dummy
      ElinkUser: IceBlock
      GParamUser: IceBlock
      LifeConditionUser: Dummy
      LODUser: Dummy
      ModelUser: DgnObj_IceBlock
      PhysicsUser: IceBlock
      ProfileUser: MapDynamicActive
      RgBlendWeightUser: Dummy
      RgConfigListUser: Dummy
      RecipeUser: Dummy
      ShopDataUser: Dummy
      SlinkUser: Obj_LiftRock
      UMiiUser: Dummy
      XlinkUser: Dummy
      AnimationInfo: Dummy
      ActorScale: 1.0
    Tags: !obj {Tag0: CanBalloonParasite, Tag1: CanLift, Tag2: StopTimerLong, Tag3: ObservedByTag}
  lists: {}
