!io
version: 0
type: xml
param_root: !list
  objects:
    LinkTarget: !obj
      ActorNameJpn: アイスメーカーブロック
      Priority: Default
      AIProgramUser: IceMakerBlock
      AIScheduleUser: Dummy
      ASUser: Obj_IceMakerBlock
      AttentionUser: Dummy
      AwarenessUser: Dummy
      BoneControlUser: Dummy
      ActorCaptureUser: Dummy
      ChemicalUser: Obj_IceMakerBlock
      DamageParamUser: Obj_IceMakerBlock
      DropTableUser: Dummy
      ElinkUser: Obj_IceMakerBlock
      GParamUser: Dummy
      LifeConditionUser: Dummy
      LODUser: Dummy
      ModelUser: Obj_IceMakerBlock
      PhysicsUser: Obj_IceMakerBlock
      ProfileUser: MapDynamicActive
      RgBlendWeightUser: Dummy
      RgConfigListUser: Dummy
      RecipeUser: Dummy
      ShopDataUser: Dummy
      SlinkUser: Obj_IceMakerBlock
      UMiiUser: Dummy
      XlinkUser: Dummy
      AnimationInfo: Dummy
      ActorScale: 1.0
    Tags: !obj {Tag0: IsIceMakerBlock, Tag1: ObservedByTag}
  lists: {}
